
Microsoft Visual Studio Solution File, Format Version 12.00
# Visual Studio Version 16
VisualStudioVersion = 16.0.33423.256
MinimumVisualStudioVersion = 10.0.40219.1
Project("{FAE04EC0-301F-11D3-BF4B-00C04F79EFBC}") = "KeystrokeDynamics", "KeystrokeDynamics\KeystrokeDynamics.csproj", "{11D823C0-56F7-4C8E-97C2-46DB5A881ADF}"
EndProject
Global
	GlobalSection(SolutionConfigurationPlatforms) = preSolution
		Debug|Any CPU = Debug|Any CPU
		Release|Any CPU = Release|Any CPU
	EndGlobalSection
	GlobalSection(ProjectConfigurationPlatforms) = postSolution
		{11D823C0-56F7-4C8E-97C2-46DB5A881ADF}.Debug|Any CPU.ActiveCfg = Debug|Any CPU
		{11D823C0-56F7-4C8E-97C2-46DB5A881ADF}.Debug|Any CPU.Build.0 = Debug|Any CPU
		{11D823C0-56F7-4C8E-97C2-46DB5A881ADF}.Release|Any CPU.ActiveCfg = Release|Any CPU
		{11D823C0-56F7-4C8E-97C2-46DB5A881ADF}.Release|Any CPU.Build.0 = Release|Any CPU
	EndGlobalSection
	GlobalSection(SolutionProperties) = preSolution
		HideSolutionNode = FALSE
	EndGlobalSection
	GlobalSection(ExtensibilityGlobals) = postSolution
		SolutionGuid = {1EF68A96-8001-4672-BE2E-A6948C0E908D}
	EndGlobalSection
EndGlobal
